
Microsoft Visual Studio Solution File, Format Version 12.00
# Visual Studio Version 17
VisualStudioVersion = 17.11.35222.181
MinimumVisualStudioVersion = 10.0.40219.1
Project("{FAE04EC0-301F-11D3-BF4B-00C04F79EFBC}") = "ChikenFIGHT", "ChikenFIGHT.csproj", "{9604F6B5-2D2D-4BB3-9E2B-1B797A4CD0C3}"
EndProject
Global
	GlobalSection(SolutionConfigurationPlatforms) = preSolution
		Debug|Any CPU = Debug|Any CPU
		Release|Any CPU = Release|Any CPU
	EndGlobalSection
	GlobalSection(ProjectConfigurationPlatforms) = postSolution
		{9604F6B5-2D2D-4BB3-9E2B-1B797A4CD0C3}.Debug|Any CPU.ActiveCfg = Debug|Any CPU
		{9604F6B5-2D2D-4BB3-9E2B-1B797A4CD0C3}.Debug|Any CPU.Build.0 = Debug|Any CPU
		{9604F6B5-2D2D-4BB3-9E2B-1B797A4CD0C3}.Release|Any CPU.ActiveCfg = Release|Any CPU
		{9604F6B5-2D2D-4BB3-9E2B-1B797A4CD0C3}.Release|Any CPU.Build.0 = Release|Any CPU
	EndGlobalSection
	GlobalSection(SolutionProperties) = preSolution
		HideSolutionNode = FALSE
	EndGlobalSection
	GlobalSection(ExtensibilityGlobals) = postSolution
		SolutionGuid = {8AF7CB08-25E7-4C45-9B0C-53AA78A97D2B}
	EndGlobalSection
EndGlobal
